
Microsoft Visual Studio Solution File, Format Version 12.00
# Visual Studio Version 17
VisualStudioVersion = 17.4.33122.133
MinimumVisualStudioVersion = 10.0.40219.1
Project("{FAE04EC0-301F-11D3-BF4B-00C04F79EFBC}") = "ConsoleApp3", "ConsoleApp3\ConsoleApp3.csproj", "{8F171A33-CD1F-4EC0-90F1-1DDC446A8E02}"
EndProject
Global
	GlobalSection(SolutionConfigurationPlatforms) = preSolution
		Debug|Any CPU = Debug|Any CPU
		Release|Any CPU = Release|Any CPU
	EndGlobalSection
	GlobalSection(ProjectConfigurationPlatforms) = postSolution
		{8F171A33-CD1F-4EC0-90F1-1DDC446A8E02}.Debug|Any CPU.ActiveCfg = Debug|Any CPU
		{8F171A33-CD1F-4EC0-90F1-1DDC446A8E02}.Debug|Any CPU.Build.0 = Debug|Any CPU
		{8F171A33-CD1F-4EC0-90F1-1DDC446A8E02}.Release|Any CPU.ActiveCfg = Release|Any CPU
		{8F171A33-CD1F-4EC0-90F1-1DDC446A8E02}.Release|Any CPU.Build.0 = Release|Any CPU
	EndGlobalSection
	GlobalSection(SolutionProperties) = preSolution
		HideSolutionNode = FALSE
	EndGlobalSection
	GlobalSection(ExtensibilityGlobals) = postSolution
		SolutionGuid = {C482B1E4-9658-4E35-8881-5669A5A65E32}
	EndGlobalSection
EndGlobal
